// !$*UTF8*$!
{
	archiveVersion = 1;
	classes = {
	};
	objectVersion = 50;
	objects = {

/* Begin PBXBuildFile section */
		0A6F424925228ADF004BC50D /* ConversationsListViewController.swift in Sources */ = {isa = PBXBuildFile; fileRef = 0A6F424825228ADF004BC50D /* ConversationsListViewController.swift */; };
		0A6F424B25228B12004BC50D /* ConversationViewController.swift in Sources */ = {isa = PBXBuildFile; fileRef = 0A6F424A25228B12004BC50D /* ConversationViewController.swift */; };
		0A6F424D25228B29004BC50D /* ConversationViewController.storyboard in Resources */ = {isa = PBXBuildFile; fileRef = 0A6F424C25228B29004BC50D /* ConversationViewController.storyboard */; };
		0A6F424F25228B3C004BC50D /* ConversationsListViewController.storyboard in Resources */ = {isa = PBXBuildFile; fileRef = 0A6F424E25228B3C004BC50D /* ConversationsListViewController.storyboard */; };
		0A82BDD2250BFE010088A796 /* AppDelegate.swift in Sources */ = {isa = PBXBuildFile; fileRef = 0A82BDD1250BFE010088A796 /* AppDelegate.swift */; };
		0A82BDD6250BFE010088A796 /* ProfileViewController.swift in Sources */ = {isa = PBXBuildFile; fileRef = 0A82BDD5250BFE010088A796 /* ProfileViewController.swift */; };
		0A82BDD9250BFE010088A796 /* ProfileViewController.storyboard in Resources */ = {isa = PBXBuildFile; fileRef = 0A82BDD7250BFE010088A796 /* ProfileViewController.storyboard */; };
		0A82BDDB250BFE030088A796 /* Assets.xcassets in Resources */ = {isa = PBXBuildFile; fileRef = 0A82BDDA250BFE030088A796 /* Assets.xcassets */; };
		0A82BDDE250BFE030088A796 /* LaunchScreen.storyboard in Resources */ = {isa = PBXBuildFile; fileRef = 0A82BDDC250BFE030088A796 /* LaunchScreen.storyboard */; };
		0AC52A8F251247350029503C /* LoggingUtil.swift in Sources */ = {isa = PBXBuildFile; fileRef = 0AC52A8E251247350029503C /* LoggingUtil.swift */; };
/* End PBXBuildFile section */

/* Begin PBXFileReference section */
		0A6F424825228ADF004BC50D /* ConversationsListViewController.swift */ = {isa = PBXFileReference; lastKnownFileType = sourcecode.swift; path = ConversationsListViewController.swift; sourceTree = "<group>"; };
		0A6F424A25228B12004BC50D /* ConversationViewController.swift */ = {isa = PBXFileReference; lastKnownFileType = sourcecode.swift; path = ConversationViewController.swift; sourceTree = "<group>"; };
		0A6F424C25228B29004BC50D /* ConversationViewController.storyboard */ = {isa = PBXFileReference; lastKnownFileType = file.storyboard; path = ConversationViewController.storyboard; sourceTree = "<group>"; };
		0A6F424E25228B3C004BC50D /* ConversationsListViewController.storyboard */ = {isa = PBXFileReference; lastKnownFileType = file.storyboard; path = ConversationsListViewController.storyboard; sourceTree = "<group>"; };
		0A82BDCE250BFE010088A796 /* TFS Chat.app */ = {isa = PBXFileReference; explicitFileType = wrapper.application; includeInIndex = 0; path = "TFS Chat.app"; sourceTree = BUILT_PRODUCTS_DIR; };
		0A82BDD1250BFE010088A796 /* AppDelegate.swift */ = {isa = PBXFileReference; lastKnownFileType = sourcecode.swift; path = AppDelegate.swift; sourceTree = "<group>"; };
		0A82BDD5250BFE010088A796 /* ProfileViewController.swift */ = {isa = PBXFileReference; lastKnownFileType = sourcecode.swift; path = ProfileViewController.swift; sourceTree = "<group>"; };
		0A82BDD8250BFE010088A796 /* Base */ = {isa = PBXFileReference; lastKnownFileType = file.storyboard; name = Base; path = Base.lproj/ProfileViewController.storyboard; sourceTree = "<group>"; };
		0A82BDDA250BFE030088A796 /* Assets.xcassets */ = {isa = PBXFileReference; lastKnownFileType = folder.assetcatalog; path = Assets.xcassets; sourceTree = "<group>"; };
		0A82BDDD250BFE030088A796 /* Base */ = {isa = PBXFileReference; lastKnownFileType = file.storyboard; name = Base; path = Base.lproj/LaunchScreen.storyboard; sourceTree = "<group>"; };
		0A82BDDF250BFE030088A796 /* Info.plist */ = {isa = PBXFileReference; lastKnownFileType = text.plist.xml; path = Info.plist; sourceTree = "<group>"; };
		0AC52A8E251247350029503C /* LoggingUtil.swift */ = {isa = PBXFileReference; lastKnownFileType = sourcecode.swift; path = LoggingUtil.swift; sourceTree = "<group>"; };
/* End PBXFileReference section */

/* Begin PBXFrameworksBuildPhase section */
		0A82BDCB250BFE010088A796 /* Frameworks */ = {
			isa = PBXFrameworksBuildPhase;
			buildActionMask = 2147483647;
			files = (
			);
			runOnlyForDeploymentPostprocessing = 0;
		};
/* End PBXFrameworksBuildPhase section */

/* Begin PBXGroup section */
		0A82BDC5250BFE010088A796 = {
			isa = PBXGroup;
			children = (
				0A82BDD0250BFE010088A796 /* TFS Chat */,
				0A82BDCF250BFE010088A796 /* Products */,
			);
			sourceTree = "<group>";
		};
		0A82BDCF250BFE010088A796 /* Products */ = {
			isa = PBXGroup;
			children = (
				0A82BDCE250BFE010088A796 /* TFS Chat.app */,
			);
			name = Products;
			sourceTree = "<group>";
		};
		0A82BDD0250BFE010088A796 /* TFS Chat */ = {
			isa = PBXGroup;
			children = (
				0A82BDD1250BFE010088A796 /* AppDelegate.swift */,
				0A82BDD5250BFE010088A796 /* ProfileViewController.swift */,
				0AC52A8E251247350029503C /* LoggingUtil.swift */,
				0A82BDD7250BFE010088A796 /* ProfileViewController.storyboard */,
				0A6F424A25228B12004BC50D /* ConversationViewController.swift */,
				0A6F424C25228B29004BC50D /* ConversationViewController.storyboard */,
				0A6F424825228ADF004BC50D /* ConversationsListViewController.swift */,
				0A6F424E25228B3C004BC50D /* ConversationsListViewController.storyboard */,
				0A82BDDA250BFE030088A796 /* Assets.xcassets */,
				0A82BDDC250BFE030088A796 /* LaunchScreen.storyboard */,
				0A82BDDF250BFE030088A796 /* Info.plist */,
			);
			path = "TFS Chat";
			sourceTree = "<group>";
		};
/* End PBXGroup section */

/* Begin PBXNativeTarget section */
		0A82BDCD250BFE010088A796 /* TFS Chat */ = {
			isa = PBXNativeTarget;
			buildConfigurationList = 0A82BDE2250BFE030088A796 /* Build configuration list for PBXNativeTarget "TFS Chat" */;
			buildPhases = (
				0A82BDCA250BFE010088A796 /* Sources */,
				0A82BDCB250BFE010088A796 /* Frameworks */,
				0A82BDCC250BFE010088A796 /* Resources */,
			);
			buildRules = (
			);
			dependencies = (
			);
			name = "TFS Chat";
			productName = "TFS Chat";
			productReference = 0A82BDCE250BFE010088A796 /* TFS Chat.app */;
			productType = "com.apple.product-type.application";
		};
/* End PBXNativeTarget section */

/* Begin PBXProject section */
		0A82BDC6250BFE010088A796 /* Project object */ = {
			isa = PBXProject;
			attributes = {
				LastSwiftUpdateCheck = 1170;
				LastUpgradeCheck = 1170;
				ORGANIZATIONNAME = dmitry;
				TargetAttributes = {
					0A82BDCD250BFE010088A796 = {
						CreatedOnToolsVersion = 11.7;
					};
				};
			};
			buildConfigurationList = 0A82BDC9250BFE010088A796 /* Build configuration list for PBXProject "TFS Chat" */;
			compatibilityVersion = "Xcode 9.3";
			developmentRegion = en;
			hasScannedForEncodings = 0;
			knownRegions = (
				en,
				Base,
			);
			mainGroup = 0A82BDC5250BFE010088A796;
			productRefGroup = 0A82BDCF250BFE010088A796 /* Products */;
			projectDirPath = "";
			projectRoot = "";
			targets = (
				0A82BDCD250BFE010088A796 /* TFS Chat */,
			);
		};
/* End PBXProject section */

/* Begin PBXResourcesBuildPhase section */
		0A82BDCC250BFE010088A796 /* Resources */ = {
			isa = PBXResourcesBuildPhase;
			buildActionMask = 2147483647;
			files = (
				0A82BDDE250BFE030088A796 /* LaunchScreen.storyboard in Resources */,
				0A82BDDB250BFE030088A796 /* Assets.xcassets in Resources */,
				0A6F424D25228B29004BC50D /* ConversationViewController.storyboard in Resources */,
				0A82BDD9250BFE010088A796 /* ProfileViewController.storyboard in Resources */,
				0A6F424F25228B3C004BC50D /* ConversationsListViewController.storyboard in Resources */,
			);
			runOnlyForDeploymentPostprocessing = 0;
		};
/* End PBXResourcesBuildPhase section */

/* Begin PBXSourcesBuildPhase section */
		0A82BDCA250BFE010088A796 /* Sources */ = {
			isa = PBXSourcesBuildPhase;
			buildActionMask = 2147483647;
			files = (
				0A82BDD6250BFE010088A796 /* ProfileViewController.swift in Sources */,
				0A6F424925228ADF004BC50D /* ConversationsListViewController.swift in Sources */,
				0A6F424B25228B12004BC50D /* ConversationViewController.swift in Sources */,
				0A82BDD2250BFE010088A796 /* AppDelegate.swift in Sources */,
				0AC52A8F251247350029503C /* LoggingUtil.swift in Sources */,
			);
			runOnlyForDeploymentPostprocessing = 0;
		};
/* End PBXSourcesBuildPhase section */

/* Begin PBXVariantGroup section */
		0A82BDD7250BFE010088A796 /* ProfileViewController.storyboard */ = {
			isa = PBXVariantGroup;
			children = (
				0A82BDD8250BFE010088A796 /* Base */,
			);
			name = ProfileViewController.storyboard;
			sourceTree = "<group>";
		};
		0A82BDDC250BFE030088A796 /* LaunchScreen.storyboard */ = {
			isa = PBXVariantGroup;
			children = (
				0A82BDDD250BFE030088A796 /* Base */,
			);
			name = LaunchScreen.storyboard;
			sourceTree = "<group>";
		};
/* End PBXVariantGroup section */

/* Begin XCBuildConfiguration section */
		0A82BDE0250BFE030088A796 /* Debug */ = {
			isa = XCBuildConfiguration;
			buildSettings = {
				ALWAYS_SEARCH_USER_PATHS = NO;
				CLANG_ANALYZER_NONNULL = YES;
				CLANG_ANALYZER_NUMBER_OBJECT_CONVERSION = YES_AGGRESSIVE;
				CLANG_CXX_LANGUAGE_STANDARD = "gnu++14";
				CLANG_CXX_LIBRARY = "libc++";
				CLANG_ENABLE_MODULES = YES;
				CLANG_ENABLE_OBJC_ARC = YES;
				CLANG_ENABLE_OBJC_WEAK = YES;
				CLANG_WARN_BLOCK_CAPTURE_AUTORELEASING = YES;
				CLANG_WARN_BOOL_CONVERSION = YES;
				CLANG_WARN_COMMA = YES;
				CLANG_WARN_CONSTANT_CONVERSION = YES;
				CLANG_WARN_DEPRECATED_OBJC_IMPLEMENTATIONS = YES;
				CLANG_WARN_DIRECT_OBJC_ISA_USAGE = YES_ERROR;
				CLANG_WARN_DOCUMENTATION_COMMENTS = YES;
				CLANG_WARN_EMPTY_BODY = YES;
				CLANG_WARN_ENUM_CONVERSION = YES;
				CLANG_WARN_INFINITE_RECURSION = YES;
				CLANG_WARN_INT_CONVERSION = YES;
				CLANG_WARN_NON_LITERAL_NULL_CONVERSION = YES;
				CLANG_WARN_OBJC_IMPLICIT_RETAIN_SELF = YES;
				CLANG_WARN_OBJC_LITERAL_CONVERSION = YES;
				CLANG_WARN_OBJC_ROOT_CLASS = YES_ERROR;
				CLANG_WARN_RANGE_LOOP_ANALYSIS = YES;
				CLANG_WARN_STRICT_PROTOTYPES = YES;
				CLANG_WARN_SUSPICIOUS_MOVE = YES;
				CLANG_WARN_UNGUARDED_AVAILABILITY = YES_AGGRESSIVE;
				CLANG_WARN_UNREACHABLE_CODE = YES;
				CLANG_WARN__DUPLICATE_METHOD_MATCH = YES;
				COPY_PHASE_STRIP = NO;
				DEBUG_INFORMATION_FORMAT = dwarf;
				ENABLE_STRICT_OBJC_MSGSEND = YES;
				ENABLE_TESTABILITY = YES;
				GCC_C_LANGUAGE_STANDARD = gnu11;
				GCC_DYNAMIC_NO_PIC = NO;
				GCC_NO_COMMON_BLOCKS = YES;
				GCC_OPTIMIZATION_LEVEL = 0;
				GCC_PREPROCESSOR_DEFINITIONS = (
					"DEBUG=1",
					"$(inherited)",
				);
				GCC_WARN_64_TO_32_BIT_CONVERSION = YES;
				GCC_WARN_ABOUT_RETURN_TYPE = YES_ERROR;
				GCC_WARN_UNDECLARED_SELECTOR = YES;
				GCC_WARN_UNINITIALIZED_AUTOS = YES_AGGRESSIVE;
				GCC_WARN_UNUSED_FUNCTION = YES;
				GCC_WARN_UNUSED_VARIABLE = YES;
				IPHONEOS_DEPLOYMENT_TARGET = 12.0;
				MTL_ENABLE_DEBUG_INFO = INCLUDE_SOURCE;
				MTL_FAST_MATH = YES;
				ONLY_ACTIVE_ARCH = YES;
				SDKROOT = iphoneos;
				SWIFT_ACTIVE_COMPILATION_CONDITIONS = DEBUG;
				SWIFT_OPTIMIZATION_LEVEL = "-Onone";
			};
			name = Debug;
		};
		0A82BDE1250BFE030088A796 /* Release */ = {
			isa = XCBuildConfiguration;
			buildSettings = {
				ALWAYS_SEARCH_USER_PATHS = NO;
				CLANG_ANALYZER_NONNULL = YES;
				CLANG_ANALYZER_NUMBER_OBJECT_CONVERSION = YES_AGGRESSIVE;
				CLANG_CXX_LANGUAGE_STANDARD = "gnu++14";
				CLANG_CXX_LIBRARY = "libc++";
				CLANG_ENABLE_MODULES = YES;
				CLANG_ENABLE_OBJC_ARC = YES;
				CLANG_ENABLE_OBJC_WEAK = YES;
				CLANG_WARN_BLOCK_CAPTURE_AUTORELEASING = YES;
				CLANG_WARN_BOOL_CONVERSION = YES;
				CLANG_WARN_COMMA = YES;
				CLANG_WARN_CONSTANT_CONVERSION = YES;
				CLANG_WARN_DEPRECATED_OBJC_IMPLEMENTATIONS = YES;
				CLANG_WARN_DIRECT_OBJC_ISA_USAGE = YES_ERROR;
				CLANG_WARN_DOCUMENTATION_COMMENTS = YES;
				CLANG_WARN_EMPTY_BODY = YES;
				CLANG_WARN_ENUM_CONVERSION = YES;
				CLANG_WARN_INFINITE_RECURSION = YES;
				CLANG_WARN_INT_CONVERSION = YES;
				CLANG_WARN_NON_LITERAL_NULL_CONVERSION = YES;
				CLANG_WARN_OBJC_IMPLICIT_RETAIN_SELF = YES;
				CLANG_WARN_OBJC_LITERAL_CONVERSION = YES;
				CLANG_WARN_OBJC_ROOT_CLASS = YES_ERROR;
				CLANG_WARN_RANGE_LOOP_ANALYSIS = YES;
				CLANG_WARN_STRICT_PROTOTYPES = YES;
				CLANG_WARN_SUSPICIOUS_MOVE = YES;
				CLANG_WARN_UNGUARDED_AVAILABILITY = YES_AGGRESSIVE;
				CLANG_WARN_UNREACHABLE_CODE = YES;
				CLANG_WARN__DUPLICATE_METHOD_MATCH = YES;
				COPY_PHASE_STRIP = NO;
				DEBUG_INFORMATION_FORMAT = "dwarf-with-dsym";
				ENABLE_NS_ASSERTIONS = NO;
				ENABLE_STRICT_OBJC_MSGSEND = YES;
				GCC_C_LANGUAGE_STANDARD = gnu11;
				GCC_NO_COMMON_BLOCKS = YES;
				GCC_WARN_64_TO_32_BIT_CONVERSION = YES;
				GCC_WARN_ABOUT_RETURN_TYPE = YES_ERROR;
				GCC_WARN_UNDECLARED_SELECTOR = YES;
				GCC_WARN_UNINITIALIZED_AUTOS = YES_AGGRESSIVE;
				GCC_WARN_UNUSED_FUNCTION = YES;
				GCC_WARN_UNUSED_VARIABLE = YES;
				IPHONEOS_DEPLOYMENT_TARGET = 12.0;
				MTL_ENABLE_DEBUG_INFO = NO;
				MTL_FAST_MATH = YES;
				SDKROOT = iphoneos;
				SWIFT_COMPILATION_MODE = wholemodule;
				SWIFT_OPTIMIZATION_LEVEL = "-O";
				VALIDATE_PRODUCT = YES;
			};
			name = Release;
		};
		0A82BDE3250BFE030088A796 /* Debug */ = {
			isa = XCBuildConfiguration;
			buildSettings = {
				ASSETCATALOG_COMPILER_APPICON_NAME = AppIcon;
				CODE_SIGN_STYLE = Automatic;
				DEVELOPMENT_TEAM = S776FDY3DL;
				INFOPLIST_FILE = "TFS Chat/Info.plist";
				IPHONEOS_DEPLOYMENT_TARGET = 12.0;
				LD_RUNPATH_SEARCH_PATHS = (
					"$(inherited)",
					"@executable_path/Frameworks",
				);
				PRODUCT_BUNDLE_IDENTIFIER = "com.akatev.TFS-Chat";
				PRODUCT_NAME = "$(TARGET_NAME)";
				SWIFT_VERSION = 5.0;
				TARGETED_DEVICE_FAMILY = 1;
			};
			name = Debug;
		};
		0A82BDE4250BFE030088A796 /* Release */ = {
			isa = XCBuildConfiguration;
			buildSettings = {
				ASSETCATALOG_COMPILER_APPICON_NAME = AppIcon;
				CODE_SIGN_STYLE = Automatic;
				DEVELOPMENT_TEAM = S776FDY3DL;
				INFOPLIST_FILE = "TFS Chat/Info.plist";
				IPHONEOS_DEPLOYMENT_TARGET = 12.0;
				LD_RUNPATH_SEARCH_PATHS = (
					"$(inherited)",
					"@executable_path/Frameworks",
				);
				PRODUCT_BUNDLE_IDENTIFIER = "com.akatev.TFS-Chat";
				PRODUCT_NAME = "$(TARGET_NAME)";
				SWIFT_VERSION = 5.0;
				TARGETED_DEVICE_FAMILY = 1;
			};
			name = Release;
		};
		0AD46272250D7557006FFDF4 /* Debug w/o logs */ = {
			isa = XCBuildConfiguration;
			buildSettings = {
				ALWAYS_SEARCH_USER_PATHS = NO;
				CLANG_ANALYZER_NONNULL = YES;
				CLANG_ANALYZER_NUMBER_OBJECT_CONVERSION = YES_AGGRESSIVE;
				CLANG_CXX_LANGUAGE_STANDARD = "gnu++14";
				CLANG_CXX_LIBRARY = "libc++";
				CLANG_ENABLE_MODULES = YES;
				CLANG_ENABLE_OBJC_ARC = YES;
				CLANG_ENABLE_OBJC_WEAK = YES;
				CLANG_WARN_BLOCK_CAPTURE_AUTORELEASING = YES;
				CLANG_WARN_BOOL_CONVERSION = YES;
				CLANG_WARN_COMMA = YES;
				CLANG_WARN_CONSTANT_CONVERSION = YES;
				CLANG_WARN_DEPRECATED_OBJC_IMPLEMENTATIONS = YES;
				CLANG_WARN_DIRECT_OBJC_ISA_USAGE = YES_ERROR;
				CLANG_WARN_DOCUMENTATION_COMMENTS = YES;
				CLANG_WARN_EMPTY_BODY = YES;
				CLANG_WARN_ENUM_CONVERSION = YES;
				CLANG_WARN_INFINITE_RECURSION = YES;
				CLANG_WARN_INT_CONVERSION = YES;
				CLANG_WARN_NON_LITERAL_NULL_CONVERSION = YES;
				CLANG_WARN_OBJC_IMPLICIT_RETAIN_SELF = YES;
				CLANG_WARN_OBJC_LITERAL_CONVERSION = YES;
				CLANG_WARN_OBJC_ROOT_CLASS = YES_ERROR;
				CLANG_WARN_RANGE_LOOP_ANALYSIS = YES;
				CLANG_WARN_STRICT_PROTOTYPES = YES;
				CLANG_WARN_SUSPICIOUS_MOVE = YES;
				CLANG_WARN_UNGUARDED_AVAILABILITY = YES_AGGRESSIVE;
				CLANG_WARN_UNREACHABLE_CODE = YES;
				CLANG_WARN__DUPLICATE_METHOD_MATCH = YES;
				COPY_PHASE_STRIP = NO;
				DEBUG_INFORMATION_FORMAT = dwarf;
				ENABLE_STRICT_OBJC_MSGSEND = YES;
				ENABLE_TESTABILITY = YES;
				GCC_C_LANGUAGE_STANDARD = gnu11;
				GCC_DYNAMIC_NO_PIC = NO;
				GCC_NO_COMMON_BLOCKS = YES;
				GCC_OPTIMIZATION_LEVEL = 0;
				GCC_PREPROCESSOR_DEFINITIONS = (
					"DEBUG=1",
					"$(inherited)",
				);
				GCC_WARN_64_TO_32_BIT_CONVERSION = YES;
				GCC_WARN_ABOUT_RETURN_TYPE = YES_ERROR;
				GCC_WARN_UNDECLARED_SELECTOR = YES;
				GCC_WARN_UNINITIALIZED_AUTOS = YES_AGGRESSIVE;
				GCC_WARN_UNUSED_FUNCTION = YES;
				GCC_WARN_UNUSED_VARIABLE = YES;
				IPHONEOS_DEPLOYMENT_TARGET = 12.0;
				MTL_ENABLE_DEBUG_INFO = INCLUDE_SOURCE;
				MTL_FAST_MATH = YES;
				ONLY_ACTIVE_ARCH = YES;
				SDKROOT = iphoneos;
				SWIFT_ACTIVE_COMPILATION_CONDITIONS = "";
				SWIFT_OPTIMIZATION_LEVEL = "-Onone";
			};
			name = "Debug w/o logs";
		};
		0AD46273250D7557006FFDF4 /* Debug w/o logs */ = {
			isa = XCBuildConfiguration;
			buildSettings = {
				ASSETCATALOG_COMPILER_APPICON_NAME = AppIcon;
				CODE_SIGN_STYLE = Automatic;
				DEVELOPMENT_TEAM = S776FDY3DL;
				INFOPLIST_FILE = "TFS Chat/Info.plist";
				IPHONEOS_DEPLOYMENT_TARGET = 12.0;
				LD_RUNPATH_SEARCH_PATHS = (
					"$(inherited)",
					"@executable_path/Frameworks",
				);
				PRODUCT_BUNDLE_IDENTIFIER = "com.akatev.TFS-Chat";
				PRODUCT_NAME = "$(TARGET_NAME)";
				SWIFT_ACTIVE_COMPILATION_CONDITIONS = NOLOGS;
				SWIFT_VERSION = 5.0;
				TARGETED_DEVICE_FAMILY = 1;
			};
			name = "Debug w/o logs";
		};
/* End XCBuildConfiguration section */

/* Begin XCConfigurationList section */
		0A82BDC9250BFE010088A796 /* Build configuration list for PBXProject "TFS Chat" */ = {
			isa = XCConfigurationList;
			buildConfigurations = (
				0A82BDE0250BFE030088A796 /* Debug */,
				0AD46272250D7557006FFDF4 /* Debug w/o logs */,
				0A82BDE1250BFE030088A796 /* Release */,
			);
			defaultConfigurationIsVisible = 0;
			defaultConfigurationName = Release;
		};
		0A82BDE2250BFE030088A796 /* Build configuration list for PBXNativeTarget "TFS Chat" */ = {
			isa = XCConfigurationList;
			buildConfigurations = (
				0A82BDE3250BFE030088A796 /* Debug */,
				0AD46273250D7557006FFDF4 /* Debug w/o logs */,
				0A82BDE4250BFE030088A796 /* Release */,
			);
			defaultConfigurationIsVisible = 0;
			defaultConfigurationName = Release;
		};
/* End XCConfigurationList section */
	};
	rootObject = 0A82BDC6250BFE010088A796 /* Project object */;
}
