// !$*UTF8*$!
{
	archiveVersion = 1;
	classes = {
	};
	objectVersion = 51;
	objects = {

/* Begin PBXBuildFile section */
		0A0B840C2544E784000FA240 /* Chat.xcdatamodeld in Sources */ = {isa = PBXBuildFile; fileRef = 0A0B840A2544E784000FA240 /* Chat.xcdatamodeld */; };
		0A0B841825450820000FA240 /* StorageService.swift in Sources */ = {isa = PBXBuildFile; fileRef = 0A0B841725450820000FA240 /* StorageService.swift */; };
		0A0B84292545161B000FA240 /* Message+CoreDataClass.swift in Sources */ = {isa = PBXBuildFile; fileRef = 0A0B84252545161B000FA240 /* Message+CoreDataClass.swift */; };
		0A0B842A2545161B000FA240 /* Message+CoreDataProperties.swift in Sources */ = {isa = PBXBuildFile; fileRef = 0A0B84262545161B000FA240 /* Message+CoreDataProperties.swift */; };
		0A0B842B2545161B000FA240 /* Channel+CoreDataClass.swift in Sources */ = {isa = PBXBuildFile; fileRef = 0A0B84272545161B000FA240 /* Channel+CoreDataClass.swift */; };
		0A0B842C2545161B000FA240 /* Channel+CoreDataProperties.swift in Sources */ = {isa = PBXBuildFile; fileRef = 0A0B84282545161B000FA240 /* Channel+CoreDataProperties.swift */; };
		0A66717225374E3300B2DCDD /* GCDDataManager.swift in Sources */ = {isa = PBXBuildFile; fileRef = 0A66717125374E3300B2DCDD /* GCDDataManager.swift */; };
		0A6F424925228ADF004BC50D /* ChannelListViewController.swift in Sources */ = {isa = PBXBuildFile; fileRef = 0A6F424825228ADF004BC50D /* ChannelListViewController.swift */; };
		0A6F424B25228B12004BC50D /* MessageListViewController.swift in Sources */ = {isa = PBXBuildFile; fileRef = 0A6F424A25228B12004BC50D /* MessageListViewController.swift */; };
		0A6F424D25228B29004BC50D /* MessageListViewController.storyboard in Resources */ = {isa = PBXBuildFile; fileRef = 0A6F424C25228B29004BC50D /* MessageListViewController.storyboard */; };
		0A6F424F25228B3C004BC50D /* ChannelListViewController.storyboard in Resources */ = {isa = PBXBuildFile; fileRef = 0A6F424E25228B3C004BC50D /* ChannelListViewController.storyboard */; };
		0A71F9CF25378CF0000B20D9 /* FileStorageServiceProtocol.swift in Sources */ = {isa = PBXBuildFile; fileRef = 0A71F9CE25378CF0000B20D9 /* FileStorageServiceProtocol.swift */; };
		0A71F9D325378F2F000B20D9 /* OperationDataManager.swift in Sources */ = {isa = PBXBuildFile; fileRef = 0A71F9D225378F2F000B20D9 /* OperationDataManager.swift */; };
		0A7CC2C82565D4C3003B307E /* NetworkClient.swift in Sources */ = {isa = PBXBuildFile; fileRef = 0A7CC2C72565D4C3003B307E /* NetworkClient.swift */; };
		0A7CC2CD2565D51A003B307E /* JsonParser.swift in Sources */ = {isa = PBXBuildFile; fileRef = 0A7CC2CC2565D51A003B307E /* JsonParser.swift */; };
		0A7CC2DB2565E5A8003B307E /* NetworkService.swift in Sources */ = {isa = PBXBuildFile; fileRef = 0A7CC2DA2565E5A8003B307E /* NetworkService.swift */; };
		0A7CC2E32565E971003B307E /* ParserProtocol.swift in Sources */ = {isa = PBXBuildFile; fileRef = 0A7CC2E22565E971003B307E /* ParserProtocol.swift */; };
		0A7CC2E72565E9A7003B307E /* ImageParser.swift in Sources */ = {isa = PBXBuildFile; fileRef = 0A7CC2E62565E9A7003B307E /* ImageParser.swift */; };
		0A7CC2EC2566CFCD003B307E /* NetworkError.swift in Sources */ = {isa = PBXBuildFile; fileRef = 0A7CC2EB2566CFCD003B307E /* NetworkError.swift */; };
		0A82BDD2250BFE010088A796 /* AppDelegate.swift in Sources */ = {isa = PBXBuildFile; fileRef = 0A82BDD1250BFE010088A796 /* AppDelegate.swift */; };
		0A82BDD6250BFE010088A796 /* ProfileViewController.swift in Sources */ = {isa = PBXBuildFile; fileRef = 0A82BDD5250BFE010088A796 /* ProfileViewController.swift */; };
		0A82BDD9250BFE010088A796 /* ProfileViewController.storyboard in Resources */ = {isa = PBXBuildFile; fileRef = 0A82BDD7250BFE010088A796 /* ProfileViewController.storyboard */; };
		0A82BDDB250BFE030088A796 /* Assets.xcassets in Resources */ = {isa = PBXBuildFile; fileRef = 0A82BDDA250BFE030088A796 /* Assets.xcassets */; };
		0A82BDDE250BFE030088A796 /* LaunchScreen.storyboard in Resources */ = {isa = PBXBuildFile; fileRef = 0A82BDDC250BFE030088A796 /* LaunchScreen.storyboard */; };
		0A8371F6253E31E300021647 /* DateUtil.swift in Sources */ = {isa = PBXBuildFile; fileRef = 0A8371F5253E31E300021647 /* DateUtil.swift */; };
		0AA3273F255C3715004E912A /* CoreDataStack.swift in Sources */ = {isa = PBXBuildFile; fileRef = 0AA3273E255C3715004E912A /* CoreDataStack.swift */; };
		0AA3274C255C6210004E912A /* ApiService.swift in Sources */ = {isa = PBXBuildFile; fileRef = 0AA3274B255C6210004E912A /* ApiService.swift */; };
		0AA3275E255D7DD3004E912A /* CoreAssembly.swift in Sources */ = {isa = PBXBuildFile; fileRef = 0AA3275D255D7DD3004E912A /* CoreAssembly.swift */; };
		0AA32761255DBAEC004E912A /* ServiceAssembly.swift in Sources */ = {isa = PBXBuildFile; fileRef = 0AA32760255DBAEC004E912A /* ServiceAssembly.swift */; };
		0AA32769255DC52E004E912A /* PresentationAssembly.swift in Sources */ = {isa = PBXBuildFile; fileRef = 0AA32768255DC52E004E912A /* PresentationAssembly.swift */; };
		0AA32775255DD622004E912A /* RootAssembly.swift in Sources */ = {isa = PBXBuildFile; fileRef = 0AA32774255DD622004E912A /* RootAssembly.swift */; };
		0AA7EEEF2563238F0049D2B9 /* ImageCollectionViewController.storyboard in Resources */ = {isa = PBXBuildFile; fileRef = 0AA7EEEE2563238F0049D2B9 /* ImageCollectionViewController.storyboard */; };
		0AA7EEF2256323A40049D2B9 /* ImageCollectionViewController.swift in Sources */ = {isa = PBXBuildFile; fileRef = 0AA7EEF1256323A40049D2B9 /* ImageCollectionViewController.swift */; };
		0AA7EEF625633A430049D2B9 /* ImageCollectionCell.swift in Sources */ = {isa = PBXBuildFile; fileRef = 0AA7EEF525633A430049D2B9 /* ImageCollectionCell.swift */; };
		0AB1FF2B252CA50600AFD8C5 /* ThemesViewController.swift in Sources */ = {isa = PBXBuildFile; fileRef = 0AB1FF2A252CA50600AFD8C5 /* ThemesViewController.swift */; };
		0AB1FF2E252CA51D00AFD8C5 /* ThemesViewController.storyboard in Resources */ = {isa = PBXBuildFile; fileRef = 0AB1FF2D252CA51D00AFD8C5 /* ThemesViewController.storyboard */; };
		0AC14B97253A213900FCA72C /* GoogleService-Info.plist in Resources */ = {isa = PBXBuildFile; fileRef = 0AC14B96253A213900FCA72C /* GoogleService-Info.plist */; };
		0AC14BE0253A57E600FCA72C /* FirestoreClient.swift in Sources */ = {isa = PBXBuildFile; fileRef = 0AC14BDF253A57E600FCA72C /* FirestoreClient.swift */; };
		0AC14BE7253A5F4500FCA72C /* ChannelDataModel.swift in Sources */ = {isa = PBXBuildFile; fileRef = 0AC14BE6253A5F4500FCA72C /* ChannelDataModel.swift */; };
		0AC14BEA253A5F8100FCA72C /* MessageDataModel.swift in Sources */ = {isa = PBXBuildFile; fileRef = 0AC14BE9253A5F8100FCA72C /* MessageDataModel.swift */; };
		0AC4BC2C2523F061006EA53E /* MessageViewCell.swift in Sources */ = {isa = PBXBuildFile; fileRef = 0AC4BC2B2523F061006EA53E /* MessageViewCell.swift */; };
		0AC52A8F251247350029503C /* LoggingUtil.swift in Sources */ = {isa = PBXBuildFile; fileRef = 0AC52A8E251247350029503C /* LoggingUtil.swift */; };
		0AC5369925235CD200B03EE8 /* ChannelListCell.swift in Sources */ = {isa = PBXBuildFile; fileRef = 0AC5369825235CD200B03EE8 /* ChannelListCell.swift */; };
		0AC5369F25239CD500B03EE8 /* ConfigurableView.swift in Sources */ = {isa = PBXBuildFile; fileRef = 0AC5369E25239CD500B03EE8 /* ConfigurableView.swift */; };
		0AC55E7F252E4AB900C815BB /* ThemeManager.swift in Sources */ = {isa = PBXBuildFile; fileRef = 0AC55E7E252E4AB900C815BB /* ThemeManager.swift */; };
		0AC55E83252E4FCE00C815BB /* ColorTheme.swift in Sources */ = {isa = PBXBuildFile; fileRef = 0AC55E82252E4FCE00C815BB /* ColorTheme.swift */; };
		0AE687712527C230005D6AB3 /* ProfileLogoView.swift in Sources */ = {isa = PBXBuildFile; fileRef = 0AE687702527C230005D6AB3 /* ProfileLogoView.swift */; };
		0AE687732527C248005D6AB3 /* ProfileLogoView.xib in Resources */ = {isa = PBXBuildFile; fileRef = 0AE687722527C248005D6AB3 /* ProfileLogoView.xib */; };
		0AEE20972533E35F00EF38C8 /* FileStorage.swift in Sources */ = {isa = PBXBuildFile; fileRef = 0AEE20962533E35F00EF38C8 /* FileStorage.swift */; };
		C5EC73C7B9E981F4FCF66360 /* Pods_TFS_Chat.framework in Frameworks */ = {isa = PBXBuildFile; fileRef = EC66EC08DD769BD404064F00 /* Pods_TFS_Chat.framework */; };
/* End PBXBuildFile section */

/* Begin PBXFileReference section */
		0A0B840B2544E784000FA240 /* Chat.xcdatamodel */ = {isa = PBXFileReference; lastKnownFileType = wrapper.xcdatamodel; path = Chat.xcdatamodel; sourceTree = "<group>"; };
		0A0B841725450820000FA240 /* StorageService.swift */ = {isa = PBXFileReference; lastKnownFileType = sourcecode.swift; path = StorageService.swift; sourceTree = "<group>"; };
		0A0B84252545161B000FA240 /* Message+CoreDataClass.swift */ = {isa = PBXFileReference; lastKnownFileType = sourcecode.swift; path = "Message+CoreDataClass.swift"; sourceTree = "<group>"; };
		0A0B84262545161B000FA240 /* Message+CoreDataProperties.swift */ = {isa = PBXFileReference; lastKnownFileType = sourcecode.swift; path = "Message+CoreDataProperties.swift"; sourceTree = "<group>"; };
		0A0B84272545161B000FA240 /* Channel+CoreDataClass.swift */ = {isa = PBXFileReference; lastKnownFileType = sourcecode.swift; path = "Channel+CoreDataClass.swift"; sourceTree = "<group>"; };
		0A0B84282545161B000FA240 /* Channel+CoreDataProperties.swift */ = {isa = PBXFileReference; lastKnownFileType = sourcecode.swift; path = "Channel+CoreDataProperties.swift"; sourceTree = "<group>"; };
		0A66717125374E3300B2DCDD /* GCDDataManager.swift */ = {isa = PBXFileReference; lastKnownFileType = sourcecode.swift; path = GCDDataManager.swift; sourceTree = "<group>"; };
		0A6F424825228ADF004BC50D /* ChannelListViewController.swift */ = {isa = PBXFileReference; lastKnownFileType = sourcecode.swift; path = ChannelListViewController.swift; sourceTree = "<group>"; };
		0A6F424A25228B12004BC50D /* MessageListViewController.swift */ = {isa = PBXFileReference; lastKnownFileType = sourcecode.swift; path = MessageListViewController.swift; sourceTree = "<group>"; };
		0A6F424C25228B29004BC50D /* MessageListViewController.storyboard */ = {isa = PBXFileReference; lastKnownFileType = file.storyboard; path = MessageListViewController.storyboard; sourceTree = "<group>"; };
		0A6F424E25228B3C004BC50D /* ChannelListViewController.storyboard */ = {isa = PBXFileReference; lastKnownFileType = file.storyboard; path = ChannelListViewController.storyboard; sourceTree = "<group>"; };
		0A71F9CE25378CF0000B20D9 /* FileStorageServiceProtocol.swift */ = {isa = PBXFileReference; lastKnownFileType = sourcecode.swift; path = FileStorageServiceProtocol.swift; sourceTree = "<group>"; };
		0A71F9D225378F2F000B20D9 /* OperationDataManager.swift */ = {isa = PBXFileReference; lastKnownFileType = sourcecode.swift; path = OperationDataManager.swift; sourceTree = "<group>"; };
		0A7CC2C72565D4C3003B307E /* NetworkClient.swift */ = {isa = PBXFileReference; lastKnownFileType = sourcecode.swift; path = NetworkClient.swift; sourceTree = "<group>"; };
		0A7CC2CC2565D51A003B307E /* JsonParser.swift */ = {isa = PBXFileReference; lastKnownFileType = sourcecode.swift; path = JsonParser.swift; sourceTree = "<group>"; };
		0A7CC2DA2565E5A8003B307E /* NetworkService.swift */ = {isa = PBXFileReference; lastKnownFileType = sourcecode.swift; path = NetworkService.swift; sourceTree = "<group>"; };
		0A7CC2E22565E971003B307E /* ParserProtocol.swift */ = {isa = PBXFileReference; lastKnownFileType = sourcecode.swift; path = ParserProtocol.swift; sourceTree = "<group>"; };
		0A7CC2E62565E9A7003B307E /* ImageParser.swift */ = {isa = PBXFileReference; lastKnownFileType = sourcecode.swift; path = ImageParser.swift; sourceTree = "<group>"; };
		0A7CC2EB2566CFCD003B307E /* NetworkError.swift */ = {isa = PBXFileReference; lastKnownFileType = sourcecode.swift; path = NetworkError.swift; sourceTree = "<group>"; };
		0A82BDCE250BFE010088A796 /* TFS Chat.app */ = {isa = PBXFileReference; explicitFileType = wrapper.application; includeInIndex = 0; path = "TFS Chat.app"; sourceTree = BUILT_PRODUCTS_DIR; };
		0A82BDD1250BFE010088A796 /* AppDelegate.swift */ = {isa = PBXFileReference; lastKnownFileType = sourcecode.swift; path = AppDelegate.swift; sourceTree = "<group>"; };
		0A82BDD5250BFE010088A796 /* ProfileViewController.swift */ = {isa = PBXFileReference; lastKnownFileType = sourcecode.swift; path = ProfileViewController.swift; sourceTree = "<group>"; };
		0A82BDD8250BFE010088A796 /* Base */ = {isa = PBXFileReference; lastKnownFileType = file.storyboard; name = Base; path = Base.lproj/ProfileViewController.storyboard; sourceTree = "<group>"; };
		0A82BDDA250BFE030088A796 /* Assets.xcassets */ = {isa = PBXFileReference; lastKnownFileType = folder.assetcatalog; path = Assets.xcassets; sourceTree = "<group>"; };
		0A82BDDD250BFE030088A796 /* Base */ = {isa = PBXFileReference; lastKnownFileType = file.storyboard; name = Base; path = Base.lproj/LaunchScreen.storyboard; sourceTree = "<group>"; };
		0A82BDDF250BFE030088A796 /* Info.plist */ = {isa = PBXFileReference; lastKnownFileType = text.plist.xml; path = Info.plist; sourceTree = "<group>"; };
		0A8371F5253E31E300021647 /* DateUtil.swift */ = {isa = PBXFileReference; lastKnownFileType = sourcecode.swift; path = DateUtil.swift; sourceTree = "<group>"; };
		0AA3273E255C3715004E912A /* CoreDataStack.swift */ = {isa = PBXFileReference; lastKnownFileType = sourcecode.swift; path = CoreDataStack.swift; sourceTree = "<group>"; };
		0AA3274B255C6210004E912A /* ApiService.swift */ = {isa = PBXFileReference; lastKnownFileType = sourcecode.swift; path = ApiService.swift; sourceTree = "<group>"; };
		0AA3275D255D7DD3004E912A /* CoreAssembly.swift */ = {isa = PBXFileReference; lastKnownFileType = sourcecode.swift; path = CoreAssembly.swift; sourceTree = "<group>"; };
		0AA32760255DBAEC004E912A /* ServiceAssembly.swift */ = {isa = PBXFileReference; lastKnownFileType = sourcecode.swift; path = ServiceAssembly.swift; sourceTree = "<group>"; };
		0AA32768255DC52E004E912A /* PresentationAssembly.swift */ = {isa = PBXFileReference; lastKnownFileType = sourcecode.swift; path = PresentationAssembly.swift; sourceTree = "<group>"; };
		0AA32774255DD622004E912A /* RootAssembly.swift */ = {isa = PBXFileReference; lastKnownFileType = sourcecode.swift; path = RootAssembly.swift; sourceTree = "<group>"; };
		0AA7EEEE2563238F0049D2B9 /* ImageCollectionViewController.storyboard */ = {isa = PBXFileReference; lastKnownFileType = file.storyboard; path = ImageCollectionViewController.storyboard; sourceTree = "<group>"; };
		0AA7EEF1256323A40049D2B9 /* ImageCollectionViewController.swift */ = {isa = PBXFileReference; lastKnownFileType = sourcecode.swift; path = ImageCollectionViewController.swift; sourceTree = "<group>"; };
		0AA7EEF525633A430049D2B9 /* ImageCollectionCell.swift */ = {isa = PBXFileReference; lastKnownFileType = sourcecode.swift; path = ImageCollectionCell.swift; sourceTree = "<group>"; };
		0AB1FF2A252CA50600AFD8C5 /* ThemesViewController.swift */ = {isa = PBXFileReference; lastKnownFileType = sourcecode.swift; path = ThemesViewController.swift; sourceTree = "<group>"; };
		0AB1FF2D252CA51D00AFD8C5 /* ThemesViewController.storyboard */ = {isa = PBXFileReference; lastKnownFileType = file.storyboard; path = ThemesViewController.storyboard; sourceTree = "<group>"; };
		0AC14B96253A213900FCA72C /* GoogleService-Info.plist */ = {isa = PBXFileReference; fileEncoding = 4; lastKnownFileType = text.plist.xml; path = "GoogleService-Info.plist"; sourceTree = "<group>"; };
		0AC14BDF253A57E600FCA72C /* FirestoreClient.swift */ = {isa = PBXFileReference; lastKnownFileType = sourcecode.swift; path = FirestoreClient.swift; sourceTree = "<group>"; };
		0AC14BE6253A5F4500FCA72C /* ChannelDataModel.swift */ = {isa = PBXFileReference; lastKnownFileType = sourcecode.swift; path = ChannelDataModel.swift; sourceTree = "<group>"; };
		0AC14BE9253A5F8100FCA72C /* MessageDataModel.swift */ = {isa = PBXFileReference; lastKnownFileType = sourcecode.swift; path = MessageDataModel.swift; sourceTree = "<group>"; };
		0AC4BC2B2523F061006EA53E /* MessageViewCell.swift */ = {isa = PBXFileReference; lastKnownFileType = sourcecode.swift; path = MessageViewCell.swift; sourceTree = "<group>"; };
		0AC52A8E251247350029503C /* LoggingUtil.swift */ = {isa = PBXFileReference; lastKnownFileType = sourcecode.swift; path = LoggingUtil.swift; sourceTree = "<group>"; };
		0AC5369825235CD200B03EE8 /* ChannelListCell.swift */ = {isa = PBXFileReference; lastKnownFileType = sourcecode.swift; path = ChannelListCell.swift; sourceTree = "<group>"; };
		0AC5369E25239CD500B03EE8 /* ConfigurableView.swift */ = {isa = PBXFileReference; lastKnownFileType = sourcecode.swift; path = ConfigurableView.swift; sourceTree = "<group>"; };
		0AC55E7E252E4AB900C815BB /* ThemeManager.swift */ = {isa = PBXFileReference; lastKnownFileType = sourcecode.swift; path = ThemeManager.swift; sourceTree = "<group>"; };
		0AC55E82252E4FCE00C815BB /* ColorTheme.swift */ = {isa = PBXFileReference; lastKnownFileType = sourcecode.swift; path = ColorTheme.swift; sourceTree = "<group>"; };
		0AE687702527C230005D6AB3 /* ProfileLogoView.swift */ = {isa = PBXFileReference; lastKnownFileType = sourcecode.swift; path = ProfileLogoView.swift; sourceTree = "<group>"; };
		0AE687722527C248005D6AB3 /* ProfileLogoView.xib */ = {isa = PBXFileReference; lastKnownFileType = file.xib; path = ProfileLogoView.xib; sourceTree = "<group>"; };
		0AEE20962533E35F00EF38C8 /* FileStorage.swift */ = {isa = PBXFileReference; lastKnownFileType = sourcecode.swift; path = FileStorage.swift; sourceTree = "<group>"; };
		35FE2667E25F24E5243B99F4 /* Pods-TFS Chat.release.xcconfig */ = {isa = PBXFileReference; includeInIndex = 1; lastKnownFileType = text.xcconfig; name = "Pods-TFS Chat.release.xcconfig"; path = "Target Support Files/Pods-TFS Chat/Pods-TFS Chat.release.xcconfig"; sourceTree = "<group>"; };
		4889533EACA3CC0EC11FA2B5 /* Pods-TFS Chat.debug.xcconfig */ = {isa = PBXFileReference; includeInIndex = 1; lastKnownFileType = text.xcconfig; name = "Pods-TFS Chat.debug.xcconfig"; path = "Target Support Files/Pods-TFS Chat/Pods-TFS Chat.debug.xcconfig"; sourceTree = "<group>"; };
		E33F992B4C4FA11ACD0132B1 /* Pods-TFS Chat.debug w-o logs.xcconfig */ = {isa = PBXFileReference; includeInIndex = 1; lastKnownFileType = text.xcconfig; name = "Pods-TFS Chat.debug w-o logs.xcconfig"; path = "Target Support Files/Pods-TFS Chat/Pods-TFS Chat.debug w-o logs.xcconfig"; sourceTree = "<group>"; };
		EC66EC08DD769BD404064F00 /* Pods_TFS_Chat.framework */ = {isa = PBXFileReference; explicitFileType = wrapper.framework; includeInIndex = 0; path = Pods_TFS_Chat.framework; sourceTree = BUILT_PRODUCTS_DIR; };
/* End PBXFileReference section */

/* Begin PBXFrameworksBuildPhase section */
		0A82BDCB250BFE010088A796 /* Frameworks */ = {
			isa = PBXFrameworksBuildPhase;
			buildActionMask = 2147483647;
			files = (
				C5EC73C7B9E981F4FCF66360 /* Pods_TFS_Chat.framework in Frameworks */,
			);
			runOnlyForDeploymentPostprocessing = 0;
		};
/* End PBXFrameworksBuildPhase section */

/* Begin PBXGroup section */
		0A0B84072544E668000FA240 /* FileManager */ = {
			isa = PBXGroup;
			children = (
				0A66717125374E3300B2DCDD /* GCDDataManager.swift */,
				0A71F9D225378F2F000B20D9 /* OperationDataManager.swift */,
				0A71F9CE25378CF0000B20D9 /* FileStorageServiceProtocol.swift */,
			);
			path = FileManager;
			sourceTree = "<group>";
		};
		0A7CC2CB2565D4F7003B307E /* Network */ = {
			isa = PBXGroup;
			children = (
				0A7CC2E22565E971003B307E /* ParserProtocol.swift */,
				0A7CC2CC2565D51A003B307E /* JsonParser.swift */,
				0A7CC2E62565E9A7003B307E /* ImageParser.swift */,
				0A7CC2C72565D4C3003B307E /* NetworkClient.swift */,
				0A7CC2EB2566CFCD003B307E /* NetworkError.swift */,
			);
			path = Network;
			sourceTree = "<group>";
		};
		0A82BDC5250BFE010088A796 = {
			isa = PBXGroup;
			children = (
				0A82BDD0250BFE010088A796 /* TFS Chat */,
				0A82BDCF250BFE010088A796 /* Products */,
				B7D3E44E863A5CC0B81F225F /* Pods */,
				1A863EAA3D909755AAD362CE /* Frameworks */,
			);
			sourceTree = "<group>";
		};
		0A82BDCF250BFE010088A796 /* Products */ = {
			isa = PBXGroup;
			children = (
				0A82BDCE250BFE010088A796 /* TFS Chat.app */,
			);
			name = Products;
			sourceTree = "<group>";
		};
		0A82BDD0250BFE010088A796 /* TFS Chat */ = {
			isa = PBXGroup;
			children = (
				0AA3271D255B57E8004E912A /* Core */,
				0AA3271C255B57E3004E912A /* Service */,
				0AA3271A255B57C5004E912A /* Presentation */,
				0AA32724255B5982004E912A /* Support */,
				0A82BDD1250BFE010088A796 /* AppDelegate.swift */,
				0AA32774255DD622004E912A /* RootAssembly.swift */,
			);
			path = "TFS Chat";
			sourceTree = "<group>";
		};
		0AA3271A255B57C5004E912A /* Presentation */ = {
			isa = PBXGroup;
			children = (
				0AC536A62523B0E700B03EE8 /* Conversation */,
				0AC536A52523B0D500B03EE8 /* Profile */,
				0AB1FF2C252CA50B00AFD8C5 /* Theme */,
				0AA32768255DC52E004E912A /* PresentationAssembly.swift */,
			);
			path = Presentation;
			sourceTree = "<group>";
		};
		0AA3271C255B57E3004E912A /* Service */ = {
			isa = PBXGroup;
			children = (
				0A0B84072544E668000FA240 /* FileManager */,
				0AA3276C255DC8BF004E912A /* Api */,
				0A0B841725450820000FA240 /* StorageService.swift */,
				0A7CC2DA2565E5A8003B307E /* NetworkService.swift */,
				0AA32760255DBAEC004E912A /* ServiceAssembly.swift */,
			);
			path = Service;
			sourceTree = "<group>";
		};
		0AA3271D255B57E8004E912A /* Core */ = {
			isa = PBXGroup;
			children = (
				0A7CC2CB2565D4F7003B307E /* Network */,
				0AA32743255C3D71004E912A /* CoreData */,
				0AC14BDF253A57E600FCA72C /* FirestoreClient.swift */,
				0AEE20962533E35F00EF38C8 /* FileStorage.swift */,
				0AA3275D255D7DD3004E912A /* CoreAssembly.swift */,
			);
			path = Core;
			sourceTree = "<group>";
		};
		0AA32724255B5982004E912A /* Support */ = {
			isa = PBXGroup;
			children = (
				0A82BDDA250BFE030088A796 /* Assets.xcassets */,
				0A82BDDC250BFE030088A796 /* LaunchScreen.storyboard */,
				0A82BDDF250BFE030088A796 /* Info.plist */,
				0AC14B96253A213900FCA72C /* GoogleService-Info.plist */,
				0AC52A8E251247350029503C /* LoggingUtil.swift */,
			);
			path = Support;
			sourceTree = "<group>";
		};
		0AA32743255C3D71004E912A /* CoreData */ = {
			isa = PBXGroup;
			children = (
				0A0B84252545161B000FA240 /* Message+CoreDataClass.swift */,
				0A0B84262545161B000FA240 /* Message+CoreDataProperties.swift */,
				0A0B84272545161B000FA240 /* Channel+CoreDataClass.swift */,
				0A0B84282545161B000FA240 /* Channel+CoreDataProperties.swift */,
				0A0B840A2544E784000FA240 /* Chat.xcdatamodeld */,
				0AA3273E255C3715004E912A /* CoreDataStack.swift */,
			);
			path = CoreData;
			sourceTree = "<group>";
		};
		0AA3276C255DC8BF004E912A /* Api */ = {
			isa = PBXGroup;
			children = (
				0AA3274B255C6210004E912A /* ApiService.swift */,
				0AC14BE6253A5F4500FCA72C /* ChannelDataModel.swift */,
				0AC14BE9253A5F8100FCA72C /* MessageDataModel.swift */,
			);
			path = Api;
			sourceTree = "<group>";
		};
		0AA7EEE72563215A0049D2B9 /* ImageCollection */ = {
			isa = PBXGroup;
			children = (
				0AA7EEF1256323A40049D2B9 /* ImageCollectionViewController.swift */,
				0AA7EEEE2563238F0049D2B9 /* ImageCollectionViewController.storyboard */,
				0AA7EEF525633A430049D2B9 /* ImageCollectionCell.swift */,
			);
			path = ImageCollection;
			sourceTree = "<group>";
		};
		0AB1FF2C252CA50B00AFD8C5 /* Theme */ = {
			isa = PBXGroup;
			children = (
				0AB1FF2A252CA50600AFD8C5 /* ThemesViewController.swift */,
				0AB1FF2D252CA51D00AFD8C5 /* ThemesViewController.storyboard */,
				0AC55E7E252E4AB900C815BB /* ThemeManager.swift */,
				0AC55E82252E4FCE00C815BB /* ColorTheme.swift */,
			);
			path = Theme;
			sourceTree = "<group>";
		};
		0AC4BC272523ED5C006EA53E /* Channel */ = {
			isa = PBXGroup;
			children = (
				0A6F424825228ADF004BC50D /* ChannelListViewController.swift */,
				0A6F424E25228B3C004BC50D /* ChannelListViewController.storyboard */,
				0AC5369825235CD200B03EE8 /* ChannelListCell.swift */,
			);
			path = Channel;
			sourceTree = "<group>";
		};
		0AC4BC282523ED67006EA53E /* Message */ = {
			isa = PBXGroup;
			children = (
				0A6F424A25228B12004BC50D /* MessageListViewController.swift */,
				0A6F424C25228B29004BC50D /* MessageListViewController.storyboard */,
				0AC4BC2B2523F061006EA53E /* MessageViewCell.swift */,
			);
			path = Message;
			sourceTree = "<group>";
		};
		0AC536A52523B0D500B03EE8 /* Profile */ = {
			isa = PBXGroup;
			children = (
				0AA7EEE72563215A0049D2B9 /* ImageCollection */,
				0A82BDD5250BFE010088A796 /* ProfileViewController.swift */,
				0A82BDD7250BFE010088A796 /* ProfileViewController.storyboard */,
				0AE687702527C230005D6AB3 /* ProfileLogoView.swift */,
				0AE687722527C248005D6AB3 /* ProfileLogoView.xib */,
			);
			path = Profile;
			sourceTree = "<group>";
		};
		0AC536A62523B0E700B03EE8 /* Conversation */ = {
			isa = PBXGroup;
			children = (
				0AC4BC272523ED5C006EA53E /* Channel */,
				0AC4BC282523ED67006EA53E /* Message */,
				0AC5369E25239CD500B03EE8 /* ConfigurableView.swift */,
				0A8371F5253E31E300021647 /* DateUtil.swift */,
			);
			path = Conversation;
			sourceTree = "<group>";
		};
		1A863EAA3D909755AAD362CE /* Frameworks */ = {
			isa = PBXGroup;
			children = (
				EC66EC08DD769BD404064F00 /* Pods_TFS_Chat.framework */,
			);
			name = Frameworks;
			sourceTree = "<group>";
		};
		B7D3E44E863A5CC0B81F225F /* Pods */ = {
			isa = PBXGroup;
			children = (
				4889533EACA3CC0EC11FA2B5 /* Pods-TFS Chat.debug.xcconfig */,
				E33F992B4C4FA11ACD0132B1 /* Pods-TFS Chat.debug w-o logs.xcconfig */,
				35FE2667E25F24E5243B99F4 /* Pods-TFS Chat.release.xcconfig */,
			);
			path = Pods;
			sourceTree = "<group>";
		};
/* End PBXGroup section */

/* Begin PBXNativeTarget section */
		0A82BDCD250BFE010088A796 /* TFS Chat */ = {
			isa = PBXNativeTarget;
			buildConfigurationList = 0A82BDE2250BFE030088A796 /* Build configuration list for PBXNativeTarget "TFS Chat" */;
			buildPhases = (
				B5E1BACCA601AD460E27D048 /* [CP] Check Pods Manifest.lock */,
				0A82BDCA250BFE010088A796 /* Sources */,
				0A82BDCB250BFE010088A796 /* Frameworks */,
				0A82BDCC250BFE010088A796 /* Resources */,
				677838C206ADB8C11873A806 /* [CP] Embed Pods Frameworks */,
				0AC14B99253A380D00FCA72C /* ShellScript */,
			);
			buildRules = (
			);
			dependencies = (
			);
			name = "TFS Chat";
			productName = "TFS Chat";
			productReference = 0A82BDCE250BFE010088A796 /* TFS Chat.app */;
			productType = "com.apple.product-type.application";
		};
/* End PBXNativeTarget section */

/* Begin PBXProject section */
		0A82BDC6250BFE010088A796 /* Project object */ = {
			isa = PBXProject;
			attributes = {
				LastSwiftUpdateCheck = 1170;
				LastUpgradeCheck = 1200;
				ORGANIZATIONNAME = dmitry;
				TargetAttributes = {
					0A82BDCD250BFE010088A796 = {
						CreatedOnToolsVersion = 11.7;
					};
				};
			};
			buildConfigurationList = 0A82BDC9250BFE010088A796 /* Build configuration list for PBXProject "TFS Chat" */;
			compatibilityVersion = "Xcode 9.3";
			developmentRegion = en;
			hasScannedForEncodings = 0;
			knownRegions = (
				en,
				Base,
			);
			mainGroup = 0A82BDC5250BFE010088A796;
			productRefGroup = 0A82BDCF250BFE010088A796 /* Products */;
			projectDirPath = "";
			projectRoot = "";
			targets = (
				0A82BDCD250BFE010088A796 /* TFS Chat */,
			);
		};
/* End PBXProject section */

/* Begin PBXResourcesBuildPhase section */
		0A82BDCC250BFE010088A796 /* Resources */ = {
			isa = PBXResourcesBuildPhase;
			buildActionMask = 2147483647;
			files = (
				0AA7EEEF2563238F0049D2B9 /* ImageCollectionViewController.storyboard in Resources */,
				0A82BDDE250BFE030088A796 /* LaunchScreen.storyboard in Resources */,
				0AC14B97253A213900FCA72C /* GoogleService-Info.plist in Resources */,
				0A82BDDB250BFE030088A796 /* Assets.xcassets in Resources */,
				0A6F424D25228B29004BC50D /* MessageListViewController.storyboard in Resources */,
				0AE687732527C248005D6AB3 /* ProfileLogoView.xib in Resources */,
				0AB1FF2E252CA51D00AFD8C5 /* ThemesViewController.storyboard in Resources */,
				0A82BDD9250BFE010088A796 /* ProfileViewController.storyboard in Resources */,
				0A6F424F25228B3C004BC50D /* ChannelListViewController.storyboard in Resources */,
			);
			runOnlyForDeploymentPostprocessing = 0;
		};
/* End PBXResourcesBuildPhase section */

/* Begin PBXShellScriptBuildPhase section */
		0AC14B99253A380D00FCA72C /* ShellScript */ = {
			isa = PBXShellScriptBuildPhase;
			buildActionMask = 2147483647;
			files = (
			);
			inputFileListPaths = (
			);
			inputPaths = (
			);
			outputFileListPaths = (
			);
			outputPaths = (
			);
			runOnlyForDeploymentPostprocessing = 0;
			shellPath = /bin/sh;
			shellScript = "# Type a script or drag a script file from your workspace to insert its path.\n\"${PODS_ROOT}/SwiftLint/swiftlint\"\n";
		};
		677838C206ADB8C11873A806 /* [CP] Embed Pods Frameworks */ = {
			isa = PBXShellScriptBuildPhase;
			buildActionMask = 2147483647;
			files = (
			);
			inputFileListPaths = (
				"${PODS_ROOT}/Target Support Files/Pods-TFS Chat/Pods-TFS Chat-frameworks-${CONFIGURATION}-input-files.xcfilelist",
			);
			name = "[CP] Embed Pods Frameworks";
			outputFileListPaths = (
				"${PODS_ROOT}/Target Support Files/Pods-TFS Chat/Pods-TFS Chat-frameworks-${CONFIGURATION}-output-files.xcfilelist",
			);
			runOnlyForDeploymentPostprocessing = 0;
			shellPath = /bin/sh;
			shellScript = "\"${PODS_ROOT}/Target Support Files/Pods-TFS Chat/Pods-TFS Chat-frameworks.sh\"\n";
			showEnvVarsInLog = 0;
		};
		B5E1BACCA601AD460E27D048 /* [CP] Check Pods Manifest.lock */ = {
			isa = PBXShellScriptBuildPhase;
			buildActionMask = 2147483647;
			files = (
			);
			inputFileListPaths = (
			);
			inputPaths = (
				"${PODS_PODFILE_DIR_PATH}/Podfile.lock",
				"${PODS_ROOT}/Manifest.lock",
			);
			name = "[CP] Check Pods Manifest.lock";
			outputFileListPaths = (
			);
			outputPaths = (
				"$(DERIVED_FILE_DIR)/Pods-TFS Chat-checkManifestLockResult.txt",
			);
			runOnlyForDeploymentPostprocessing = 0;
			shellPath = /bin/sh;
			shellScript = "diff \"${PODS_PODFILE_DIR_PATH}/Podfile.lock\" \"${PODS_ROOT}/Manifest.lock\" > /dev/null\nif [ $? != 0 ] ; then\n    # print error to STDERR\n    echo \"error: The sandbox is not in sync with the Podfile.lock. Run 'pod install' or update your CocoaPods installation.\" >&2\n    exit 1\nfi\n# This output is used by Xcode 'outputs' to avoid re-running this script phase.\necho \"SUCCESS\" > \"${SCRIPT_OUTPUT_FILE_0}\"\n";
			showEnvVarsInLog = 0;
		};
/* End PBXShellScriptBuildPhase section */

/* Begin PBXSourcesBuildPhase section */
		0A82BDCA250BFE010088A796 /* Sources */ = {
			isa = PBXSourcesBuildPhase;
			buildActionMask = 2147483647;
			files = (
				0AA32775255DD622004E912A /* RootAssembly.swift in Sources */,
				0AC4BC2C2523F061006EA53E /* MessageViewCell.swift in Sources */,
				0A8371F6253E31E300021647 /* DateUtil.swift in Sources */,
				0A82BDD6250BFE010088A796 /* ProfileViewController.swift in Sources */,
				0A7CC2E72565E9A7003B307E /* ImageParser.swift in Sources */,
				0AB1FF2B252CA50600AFD8C5 /* ThemesViewController.swift in Sources */,
				0A6F424925228ADF004BC50D /* ChannelListViewController.swift in Sources */,
				0AA3274C255C6210004E912A /* ApiService.swift in Sources */,
				0A66717225374E3300B2DCDD /* GCDDataManager.swift in Sources */,
				0A7CC2EC2566CFCD003B307E /* NetworkError.swift in Sources */,
				0AA3273F255C3715004E912A /* CoreDataStack.swift in Sources */,
				0A0B840C2544E784000FA240 /* Chat.xcdatamodeld in Sources */,
				0A71F9CF25378CF0000B20D9 /* FileStorageServiceProtocol.swift in Sources */,
				0A7CC2C82565D4C3003B307E /* NetworkClient.swift in Sources */,
				0AC55E83252E4FCE00C815BB /* ColorTheme.swift in Sources */,
				0A7CC2DB2565E5A8003B307E /* NetworkService.swift in Sources */,
				0AEE20972533E35F00EF38C8 /* FileStorage.swift in Sources */,
				0AE687712527C230005D6AB3 /* ProfileLogoView.swift in Sources */,
				0AC14BE0253A57E600FCA72C /* FirestoreClient.swift in Sources */,
				0A0B842C2545161B000FA240 /* Channel+CoreDataProperties.swift in Sources */,
				0AA32761255DBAEC004E912A /* ServiceAssembly.swift in Sources */,
				0A6F424B25228B12004BC50D /* MessageListViewController.swift in Sources */,
				0A0B84292545161B000FA240 /* Message+CoreDataClass.swift in Sources */,
				0A0B842A2545161B000FA240 /* Message+CoreDataProperties.swift in Sources */,
				0AC14BE7253A5F4500FCA72C /* ChannelDataModel.swift in Sources */,
				0AA7EEF625633A430049D2B9 /* ImageCollectionCell.swift in Sources */,
				0A82BDD2250BFE010088A796 /* AppDelegate.swift in Sources */,
				0AC5369F25239CD500B03EE8 /* ConfigurableView.swift in Sources */,
				0A7CC2E32565E971003B307E /* ParserProtocol.swift in Sources */,
				0A0B842B2545161B000FA240 /* Channel+CoreDataClass.swift in Sources */,
				0A0B841825450820000FA240 /* StorageService.swift in Sources */,
				0AA32769255DC52E004E912A /* PresentationAssembly.swift in Sources */,
				0A71F9D325378F2F000B20D9 /* OperationDataManager.swift in Sources */,
				0AA3275E255D7DD3004E912A /* CoreAssembly.swift in Sources */,
				0AA7EEF2256323A40049D2B9 /* ImageCollectionViewController.swift in Sources */,
				0AC5369925235CD200B03EE8 /* ChannelListCell.swift in Sources */,
				0A7CC2CD2565D51A003B307E /* JsonParser.swift in Sources */,
				0AC14BEA253A5F8100FCA72C /* MessageDataModel.swift in Sources */,
				0AC52A8F251247350029503C /* LoggingUtil.swift in Sources */,
				0AC55E7F252E4AB900C815BB /* ThemeManager.swift in Sources */,
			);
			runOnlyForDeploymentPostprocessing = 0;
		};
/* End PBXSourcesBuildPhase section */

/* Begin PBXVariantGroup section */
		0A82BDD7250BFE010088A796 /* ProfileViewController.storyboard */ = {
			isa = PBXVariantGroup;
			children = (
				0A82BDD8250BFE010088A796 /* Base */,
			);
			name = ProfileViewController.storyboard;
			sourceTree = "<group>";
		};
		0A82BDDC250BFE030088A796 /* LaunchScreen.storyboard */ = {
			isa = PBXVariantGroup;
			children = (
				0A82BDDD250BFE030088A796 /* Base */,
			);
			name = LaunchScreen.storyboard;
			sourceTree = "<group>";
		};
/* End PBXVariantGroup section */

/* Begin XCBuildConfiguration section */
		0A82BDE0250BFE030088A796 /* Debug */ = {
			isa = XCBuildConfiguration;
			buildSettings = {
				ALWAYS_SEARCH_USER_PATHS = NO;
				CLANG_ANALYZER_NONNULL = YES;
				CLANG_ANALYZER_NUMBER_OBJECT_CONVERSION = YES_AGGRESSIVE;
				CLANG_CXX_LANGUAGE_STANDARD = "gnu++14";
				CLANG_CXX_LIBRARY = "libc++";
				CLANG_ENABLE_MODULES = YES;
				CLANG_ENABLE_OBJC_ARC = YES;
				CLANG_ENABLE_OBJC_WEAK = YES;
				CLANG_WARN_BLOCK_CAPTURE_AUTORELEASING = YES;
				CLANG_WARN_BOOL_CONVERSION = YES;
				CLANG_WARN_COMMA = YES;
				CLANG_WARN_CONSTANT_CONVERSION = YES;
				CLANG_WARN_DEPRECATED_OBJC_IMPLEMENTATIONS = YES;
				CLANG_WARN_DIRECT_OBJC_ISA_USAGE = YES_ERROR;
				CLANG_WARN_DOCUMENTATION_COMMENTS = YES;
				CLANG_WARN_EMPTY_BODY = YES;
				CLANG_WARN_ENUM_CONVERSION = YES;
				CLANG_WARN_INFINITE_RECURSION = YES;
				CLANG_WARN_INT_CONVERSION = YES;
				CLANG_WARN_NON_LITERAL_NULL_CONVERSION = YES;
				CLANG_WARN_OBJC_IMPLICIT_RETAIN_SELF = YES;
				CLANG_WARN_OBJC_LITERAL_CONVERSION = YES;
				CLANG_WARN_OBJC_ROOT_CLASS = YES_ERROR;
				CLANG_WARN_QUOTED_INCLUDE_IN_FRAMEWORK_HEADER = YES;
				CLANG_WARN_RANGE_LOOP_ANALYSIS = YES;
				CLANG_WARN_STRICT_PROTOTYPES = YES;
				CLANG_WARN_SUSPICIOUS_MOVE = YES;
				CLANG_WARN_UNGUARDED_AVAILABILITY = YES_AGGRESSIVE;
				CLANG_WARN_UNREACHABLE_CODE = YES;
				CLANG_WARN__DUPLICATE_METHOD_MATCH = YES;
				COPY_PHASE_STRIP = NO;
				DEBUG_INFORMATION_FORMAT = dwarf;
				ENABLE_STRICT_OBJC_MSGSEND = YES;
				ENABLE_TESTABILITY = YES;
				GCC_C_LANGUAGE_STANDARD = gnu11;
				GCC_DYNAMIC_NO_PIC = NO;
				GCC_NO_COMMON_BLOCKS = YES;
				GCC_OPTIMIZATION_LEVEL = 0;
				GCC_PREPROCESSOR_DEFINITIONS = (
					"DEBUG=1",
					"$(inherited)",
				);
				GCC_WARN_64_TO_32_BIT_CONVERSION = YES;
				GCC_WARN_ABOUT_RETURN_TYPE = YES_ERROR;
				GCC_WARN_UNDECLARED_SELECTOR = YES;
				GCC_WARN_UNINITIALIZED_AUTOS = YES_AGGRESSIVE;
				GCC_WARN_UNUSED_FUNCTION = YES;
				GCC_WARN_UNUSED_VARIABLE = YES;
				IPHONEOS_DEPLOYMENT_TARGET = 12.0;
				MTL_ENABLE_DEBUG_INFO = INCLUDE_SOURCE;
				MTL_FAST_MATH = YES;
				ONLY_ACTIVE_ARCH = YES;
				SDKROOT = iphoneos;
				SWIFT_ACTIVE_COMPILATION_CONDITIONS = DEBUG;
				SWIFT_OPTIMIZATION_LEVEL = "-Onone";
			};
			name = Debug;
		};
		0A82BDE1250BFE030088A796 /* Release */ = {
			isa = XCBuildConfiguration;
			buildSettings = {
				ALWAYS_SEARCH_USER_PATHS = NO;
				CLANG_ANALYZER_NONNULL = YES;
				CLANG_ANALYZER_NUMBER_OBJECT_CONVERSION = YES_AGGRESSIVE;
				CLANG_CXX_LANGUAGE_STANDARD = "gnu++14";
				CLANG_CXX_LIBRARY = "libc++";
				CLANG_ENABLE_MODULES = YES;
				CLANG_ENABLE_OBJC_ARC = YES;
				CLANG_ENABLE_OBJC_WEAK = YES;
				CLANG_WARN_BLOCK_CAPTURE_AUTORELEASING = YES;
				CLANG_WARN_BOOL_CONVERSION = YES;
				CLANG_WARN_COMMA = YES;
				CLANG_WARN_CONSTANT_CONVERSION = YES;
				CLANG_WARN_DEPRECATED_OBJC_IMPLEMENTATIONS = YES;
				CLANG_WARN_DIRECT_OBJC_ISA_USAGE = YES_ERROR;
				CLANG_WARN_DOCUMENTATION_COMMENTS = YES;
				CLANG_WARN_EMPTY_BODY = YES;
				CLANG_WARN_ENUM_CONVERSION = YES;
				CLANG_WARN_INFINITE_RECURSION = YES;
				CLANG_WARN_INT_CONVERSION = YES;
				CLANG_WARN_NON_LITERAL_NULL_CONVERSION = YES;
				CLANG_WARN_OBJC_IMPLICIT_RETAIN_SELF = YES;
				CLANG_WARN_OBJC_LITERAL_CONVERSION = YES;
				CLANG_WARN_OBJC_ROOT_CLASS = YES_ERROR;
				CLANG_WARN_QUOTED_INCLUDE_IN_FRAMEWORK_HEADER = YES;
				CLANG_WARN_RANGE_LOOP_ANALYSIS = YES;
				CLANG_WARN_STRICT_PROTOTYPES = YES;
				CLANG_WARN_SUSPICIOUS_MOVE = YES;
				CLANG_WARN_UNGUARDED_AVAILABILITY = YES_AGGRESSIVE;
				CLANG_WARN_UNREACHABLE_CODE = YES;
				CLANG_WARN__DUPLICATE_METHOD_MATCH = YES;
				COPY_PHASE_STRIP = NO;
				DEBUG_INFORMATION_FORMAT = "dwarf-with-dsym";
				ENABLE_NS_ASSERTIONS = NO;
				ENABLE_STRICT_OBJC_MSGSEND = YES;
				GCC_C_LANGUAGE_STANDARD = gnu11;
				GCC_NO_COMMON_BLOCKS = YES;
				GCC_WARN_64_TO_32_BIT_CONVERSION = YES;
				GCC_WARN_ABOUT_RETURN_TYPE = YES_ERROR;
				GCC_WARN_UNDECLARED_SELECTOR = YES;
				GCC_WARN_UNINITIALIZED_AUTOS = YES_AGGRESSIVE;
				GCC_WARN_UNUSED_FUNCTION = YES;
				GCC_WARN_UNUSED_VARIABLE = YES;
				IPHONEOS_DEPLOYMENT_TARGET = 12.0;
				MTL_ENABLE_DEBUG_INFO = NO;
				MTL_FAST_MATH = YES;
				SDKROOT = iphoneos;
				SWIFT_COMPILATION_MODE = wholemodule;
				SWIFT_OPTIMIZATION_LEVEL = "-O";
				VALIDATE_PRODUCT = YES;
			};
			name = Release;
		};
		0A82BDE3250BFE030088A796 /* Debug */ = {
			isa = XCBuildConfiguration;
			baseConfigurationReference = 4889533EACA3CC0EC11FA2B5 /* Pods-TFS Chat.debug.xcconfig */;
			buildSettings = {
				ASSETCATALOG_COMPILER_APPICON_NAME = AppIcon;
				CODE_SIGN_IDENTITY = "Apple Development";
				CODE_SIGN_STYLE = Automatic;
				DEVELOPMENT_TEAM = S776FDY3DL;
				INFOPLIST_FILE = "$(SRCROOT)/TFS Chat/Support/Info.plist";
				IPHONEOS_DEPLOYMENT_TARGET = 12.0;
				LD_RUNPATH_SEARCH_PATHS = (
					"$(inherited)",
					"@executable_path/Frameworks",
				);
				PRODUCT_BUNDLE_IDENTIFIER = ru.tinkoff.TinkoffChat;
				PRODUCT_NAME = "$(TARGET_NAME)";
				PROVISIONING_PROFILE_SPECIFIER = "";
				SWIFT_VERSION = 5.0;
				TARGETED_DEVICE_FAMILY = 1;
			};
			name = Debug;
		};
		0A82BDE4250BFE030088A796 /* Release */ = {
			isa = XCBuildConfiguration;
			baseConfigurationReference = 35FE2667E25F24E5243B99F4 /* Pods-TFS Chat.release.xcconfig */;
			buildSettings = {
				ASSETCATALOG_COMPILER_APPICON_NAME = AppIcon;
				CODE_SIGN_IDENTITY = "Apple Development";
				CODE_SIGN_STYLE = Automatic;
				DEVELOPMENT_TEAM = S776FDY3DL;
				INFOPLIST_FILE = "$(SRCROOT)/TFS Chat/Support/Info.plist";
				IPHONEOS_DEPLOYMENT_TARGET = 12.0;
				LD_RUNPATH_SEARCH_PATHS = (
					"$(inherited)",
					"@executable_path/Frameworks",
				);
				PRODUCT_BUNDLE_IDENTIFIER = ru.tinkoff.TinkoffChat;
				PRODUCT_NAME = "$(TARGET_NAME)";
				PROVISIONING_PROFILE_SPECIFIER = "";
				SWIFT_VERSION = 5.0;
				TARGETED_DEVICE_FAMILY = 1;
			};
			name = Release;
		};
/* End XCBuildConfiguration section */

/* Begin XCConfigurationList section */
		0A82BDC9250BFE010088A796 /* Build configuration list for PBXProject "TFS Chat" */ = {
			isa = XCConfigurationList;
			buildConfigurations = (
				0A82BDE0250BFE030088A796 /* Debug */,
				0A82BDE1250BFE030088A796 /* Release */,
			);
			defaultConfigurationIsVisible = 0;
			defaultConfigurationName = Release;
		};
		0A82BDE2250BFE030088A796 /* Build configuration list for PBXNativeTarget "TFS Chat" */ = {
			isa = XCConfigurationList;
			buildConfigurations = (
				0A82BDE3250BFE030088A796 /* Debug */,
				0A82BDE4250BFE030088A796 /* Release */,
			);
			defaultConfigurationIsVisible = 0;
			defaultConfigurationName = Release;
		};
/* End XCConfigurationList section */

/* Begin XCVersionGroup section */
		0A0B840A2544E784000FA240 /* Chat.xcdatamodeld */ = {
			isa = XCVersionGroup;
			children = (
				0A0B840B2544E784000FA240 /* Chat.xcdatamodel */,
			);
			currentVersion = 0A0B840B2544E784000FA240 /* Chat.xcdatamodel */;
			path = Chat.xcdatamodeld;
			sourceTree = "<group>";
			versionGroupType = wrapper.xcdatamodel;
		};
/* End XCVersionGroup section */
	};
	rootObject = 0A82BDC6250BFE010088A796 /* Project object */;
}
